# This file is automatically @generated by Cargo.
# It is not intended for manual editing.
version = 4

[[package]]
name = "account-core"
version = "0.1.0"
dependencies = [
 "domain-kernel",
 "event-kernel",
 "ledger-core",
]

[[package]]
name = "domain-kernel"
version = "0.1.0"

[[package]]
name = "event-kernel"
version = "0.1.0"
dependencies = [
 "domain-kernel",
]

[[package]]
name = "execution-core"
version = "0.1.0"
dependencies = [
 "domain-kernel",
 "event-kernel",
 "ledger-core",
 "market-core",
 "pnl-margin",
 "position-core",
 "risk-core",
]

[[package]]
name = "invariants"
version = "0.1.0"
dependencies = [
 "domain-kernel",
 "event-kernel",
]

[[package]]
name = "ledger"
version = "0.1.0"
dependencies = [
 "account-core",
 "domain-kernel",
 "event-kernel",
 "execution-core",
 "ledger-core",
 "market-core",
 "pnl-margin",
 "position-core",
 "risk-core",
 "service-kit",
]

[[package]]
name = "ledger-core"
version = "0.1.0"
dependencies = [
 "domain-kernel",
 "event-kernel",
]

[[package]]
name = "market-core"
version = "0.1.0"
dependencies = [
 "domain-kernel",
]

[[package]]
name = "market-data"
version = "0.1.0"
dependencies = [
 "domain-kernel",
 "event-kernel",
 "market-core",
 "service-kit",
]

[[package]]
name = "oms"
version = "0.1.0"
dependencies = [
 "domain-kernel",
 "event-kernel",
 "market-core",
 "service-kit",
]

[[package]]
name = "pnl-margin"
version = "0.1.0"
dependencies = [
 "domain-kernel",
 "event-kernel",
 "market-core",
 "position-core",
]

[[package]]
name = "position-core"
version = "0.1.0"
dependencies = [
 "domain-kernel",
 "event-kernel",
]

[[package]]
name = "pricing"
version = "0.1.0"
dependencies = [
 "domain-kernel",
 "event-kernel",
 "market-core",
 "service-kit",
]

[[package]]
name = "replay"
version = "0.1.0"
dependencies = [
 "domain-kernel",
 "event-kernel",
 "invariants",
]

[[package]]
name = "risk-core"
version = "0.1.0"
dependencies = [
 "domain-kernel",
 "market-core",
 "pnl-margin",
 "position-core",
]

[[package]]
name = "service-kit"
version = "0.1.0"
dependencies = [
 "domain-kernel",
 "event-kernel",
]
